
Microsoft Visual Studio Solution File, Format Version 12.00
# Visual Studio 14
VisualStudioVersion = 14.0.25420.1
MinimumVisualStudioVersion = 10.0.40219.1
Project("{FAE04EC0-301F-11D3-BF4B-00C04F79EFBC}") = "WindowsFormsApplication1", "WindowsFormsApplication1\WindowsFormsApplication1.csproj", "{6DBDF904-2BE5-4C2E-BBDF-5950A4D919EE}"
EndProject
Global
	GlobalSection(SolutionConfigurationPlatforms) = preSolution
		Debug|Any CPU = Debug|Any CPU
		Release|Any CPU = Release|Any CPU
	EndGlobalSection
	GlobalSection(ProjectConfigurationPlatforms) = postSolution
		{6DBDF904-2BE5-4C2E-BBDF-5950A4D919EE}.Debug|Any CPU.ActiveCfg = Debug|Any CPU
		{6DBDF904-2BE5-4C2E-BBDF-5950A4D919EE}.Debug|Any CPU.Build.0 = Debug|Any CPU
		{6DBDF904-2BE5-4C2E-BBDF-5950A4D919EE}.Release|Any CPU.ActiveCfg = Release|Any CPU
		{6DBDF904-2BE5-4C2E-BBDF-5950A4D919EE}.Release|Any CPU.Build.0 = Release|Any CPU
	EndGlobalSection
	GlobalSection(SolutionProperties) = preSolution
		HideSolutionNode = FALSE
	EndGlobalSection
EndGlobal
